
Microsoft Visual Studio Solution File, Format Version 12.00
# Visual Studio 2012
Project("{FAE04EC0-301F-11D3-BF4B-00C04F79EFBC}") = "SttHorizontalLinearFlowLayout", "SttHorizontalLinearFlowLayout\SttHorizontalLinearFlowLayout.csproj", "{4BB1C069-C4E5-4F1B-A236-78A353D742A1}"
EndProject
Global
	GlobalSection(SolutionConfigurationPlatforms) = preSolution
		Debug|Any CPU = Debug|Any CPU
		Release|Any CPU = Release|Any CPU
	EndGlobalSection
	GlobalSection(ProjectConfigurationPlatforms) = postSolution
		{4BB1C069-C4E5-4F1B-A236-78A353D742A1}.Debug|Any CPU.ActiveCfg = Debug|Any CPU
		{4BB1C069-C4E5-4F1B-A236-78A353D742A1}.Debug|Any CPU.Build.0 = Debug|Any CPU
		{4BB1C069-C4E5-4F1B-A236-78A353D742A1}.Release|Any CPU.ActiveCfg = Release|Any CPU
		{4BB1C069-C4E5-4F1B-A236-78A353D742A1}.Release|Any CPU.Build.0 = Release|Any CPU
	EndGlobalSection
EndGlobal
